{
  "version": 4,
  "terraform_version": "1.9.6",
  "serial": 342,
  "lineage": "70500e2c-812a-0188-7e89-f519bad8f745",
  "outputs": {},
  "resources": [
    {
      "mode": "data",
      "type": "archive_file",
      "name": "default",
      "provider": "provider[\"registry.terraform.io/hashicorp/archive\"]",
      "instances": [
        {
          "schema_version": 0,
          "attributes": {
            "exclude_symlink_directories": null,
            "excludes": null,
            "id": "514d20f0d08c2e27efe74a556bf8cdedbe555f41",
            "output_base64sha256": "rMaLjXqmUgmM7EwATbv2Ir0antKOHN14x39tH84ck0k=",
            "output_base64sha512": "sSP9WDvsbprc1ktMx/rhnc+OrHtE6umsUc0RPEsMzOdKapan8Y+UemWzLBhHsYGdSXoeWylN0LMY5I8VYJSs3g==",
            "output_file_mode": null,
            "output_md5": "8e0b584a97a4dfe62d11b65fc0b9dfea",
            "output_path": "/tmp/cloud-function-code.zip",
            "output_sha": "514d20f0d08c2e27efe74a556bf8cdedbe555f41",
            "output_sha256": "acc68b8d7aa652098cec4c004dbbf622bd1a9ed28e1cdd78c77f6d1fce1c9349",
            "output_sha512": "b123fd583bec6e9adcd64b4cc7fae19dcf8eac7b44eae9ac51cd113c4b0ccce74a6a96a7f18f947a65b32c1847b1819d497a1e5b294dd0b318e48f156094acde",
            "output_size": 4492,
            "source": [],
            "source_content": null,
            "source_content_filename": null,
            "source_dir": "C:/Users/daswi/Documents/Certifications/Professional Data Engineer/Projects/Resume Challenge GCP/Cloud_function_code/",
            "source_file": null,
            "type": "zip"
          },
          "sensitive_attributes": []
        }
      ]
    },
    {
      "mode": "managed",
      "type": "google_cloud_run_service_iam_member",
      "name": "member",
      "provider": "provider[\"registry.terraform.io/hashicorp/google\"]",
      "instances": [
        {
          "schema_version": 0,
          "attributes": {
            "condition": [],
            "etag": "BwYjhHGPpNk=",
            "id": "v1/projects/avid-grid-386321/locations/us-central1/services/cloud-visitor-counter-v2/roles/run.invoker/allUsers",
            "location": "us-central1",
            "member": "allUsers",
            "project": "avid-grid-386321",
            "role": "roles/run.invoker",
            "service": "v1/projects/avid-grid-386321/locations/us-central1/services/cloud-visitor-counter-v2"
          },
          "sensitive_attributes": [],
          "private": "bnVsbA==",
          "dependencies": [
            "data.archive_file.default",
            "google_cloudfunctions2_function.default",
            "google_storage_bucket.terraformars_1958",
            "google_storage_bucket_object.object"
          ]
        }
      ]
    },
    {
      "mode": "managed",
      "type": "google_cloudfunctions2_function",
      "name": "default",
      "provider": "provider[\"registry.terraform.io/hashicorp/google\"]",
      "instances": [
        {
          "schema_version": 0,
          "attributes": {
            "build_config": [
              {
                "build": "projects/664848604184/locations/us-central1/builds/0240e9de-972b-478f-8e83-6f82b0cf6ed8",
                "docker_repository": "projects/avid-grid-386321/locations/us-central1/repositories/gcf-artifacts",
                "entry_point": "current_number_visitors",
                "environment_variables": {},
                "runtime": "python39",
                "source": [
                  {
                    "repo_source": [],
                    "storage_source": [
                      {
                        "bucket": "project-dev-cloudresumechallenge2024",
                        "generation": 1727902115186216,
                        "object": "cloud-function-code.zip"
                      }
                    ]
                  }
                ],
                "worker_pool": ""
              }
            ],
            "description": "a new function",
            "effective_labels": {},
            "environment": "GEN_2",
            "event_trigger": [],
            "id": "projects/avid-grid-386321/locations/us-central1/functions/cloud-visitor-counter-v2",
            "kms_key_name": "",
            "labels": {},
            "location": "us-central1",
            "name": "cloud-visitor-counter-v2",
            "project": "avid-grid-386321",
            "service_config": [
              {
                "all_traffic_on_latest_revision": true,
                "available_cpu": "0.1666",
                "available_memory": "256M",
                "environment_variables": {
                  "LOG_EXECUTION_ID": "true"
                },
                "gcf_uri": "",
                "ingress_settings": "ALLOW_ALL",
                "max_instance_count": 1,
                "max_instance_request_concurrency": 1,
                "min_instance_count": 0,
                "secret_environment_variables": [],
                "secret_volumes": [],
                "service": "projects/avid-grid-386321/locations/us-central1/services/cloud-visitor-counter-v2",
                "service_account_email": "664848604184-compute@developer.gserviceaccount.com",
                "timeout_seconds": 60,
                "uri": "https://cloud-visitor-counter-v2-rgim4g6o6a-uc.a.run.app",
                "vpc_connector": "",
                "vpc_connector_egress_settings": ""
              }
            ],
            "state": "ACTIVE",
            "terraform_labels": {},
            "timeouts": null,
            "update_time": "2024-10-02T20:49:20.479986527Z",
            "url": "https://us-central1-avid-grid-386321.cloudfunctions.net/cloud-visitor-counter-v2"
          },
          "sensitive_attributes": [],
          "private": "eyJlMmJmYjczMC1lY2FhLTExZTYtOGY4OC0zNDM2M2JjN2M0YzAiOnsiY3JlYXRlIjozNjAwMDAwMDAwMDAwLCJkZWxldGUiOjM2MDAwMDAwMDAwMDAsInVwZGF0ZSI6MzYwMDAwMDAwMDAwMH19",
          "dependencies": [
            "data.archive_file.default",
            "google_storage_bucket.terraformars_1958",
            "google_storage_bucket_object.object"
          ]
        }
      ]
    },
    {
      "mode": "managed",
      "type": "google_compute_backend_bucket",
      "name": "lb-backend",
      "provider": "provider[\"registry.terraform.io/hashicorp/google\"]",
      "instances": [
        {
          "schema_version": 0,
          "attributes": {
            "bucket_name": "project-dev-cloudresumechallenge2024",
            "cdn_policy": [
              {
                "bypass_cache_on_request_headers": [],
                "cache_key_policy": [],
                "cache_mode": "CACHE_ALL_STATIC",
                "client_ttl": 3600,
                "default_ttl": 3600,
                "max_ttl": 86400,
                "negative_caching": true,
                "negative_caching_policy": [],
                "request_coalescing": true,
                "serve_while_stale": 86400,
                "signed_url_cache_max_age_sec": 0
              }
            ],
            "compression_mode": "",
            "creation_timestamp": "2024-10-02T13:38:30.397-07:00",
            "custom_response_headers": [],
            "description": "",
            "edge_security_policy": "",
            "enable_cdn": true,
            "id": "projects/avid-grid-386321/global/backendBuckets/resumechallengebackend-bucket",
            "name": "resumechallengebackend-bucket",
            "project": "avid-grid-386321",
            "self_link": "https://www.googleapis.com/compute/v1/projects/avid-grid-386321/global/backendBuckets/resumechallengebackend-bucket",
            "timeouts": null
          },
          "sensitive_attributes": [],
          "private": "eyJlMmJmYjczMC1lY2FhLTExZTYtOGY4OC0zNDM2M2JjN2M0YzAiOnsiY3JlYXRlIjoxMjAwMDAwMDAwMDAwLCJkZWxldGUiOjEyMDAwMDAwMDAwMDAsInVwZGF0ZSI6MTIwMDAwMDAwMDAwMH19",
          "dependencies": [
            "google_storage_bucket.terraformars_1958"
          ]
        }
      ]
    },
    {
      "mode": "managed",
      "type": "google_compute_global_address",
      "name": "ip",
      "provider": "provider[\"registry.terraform.io/hashicorp/google\"]",
      "instances": [
        {
          "schema_version": 0,
          "attributes": {
            "address": "34.49.189.116",
            "address_type": "EXTERNAL",
            "creation_timestamp": "2024-10-02T13:29:55.078-07:00",
            "description": "",
            "id": "projects/avid-grid-386321/global/addresses/resumechallenge-lb",
            "ip_version": "",
            "name": "resumechallenge-lb",
            "network": "",
            "prefix_length": 0,
            "project": "avid-grid-386321",
            "purpose": "",
            "self_link": "https://www.googleapis.com/compute/v1/projects/avid-grid-386321/global/addresses/resumechallenge-lb",
            "timeouts": null
          },
          "sensitive_attributes": [],
          "private": "eyJlMmJmYjczMC1lY2FhLTExZTYtOGY4OC0zNDM2M2JjN2M0YzAiOnsiY3JlYXRlIjoxMjAwMDAwMDAwMDAwLCJkZWxldGUiOjEyMDAwMDAwMDAwMDB9fQ=="
        }
      ]
    },
    {
      "mode": "managed",
      "type": "google_compute_global_forwarding_rule",
      "name": "rule",
      "provider": "provider[\"registry.terraform.io/hashicorp/google\"]",
      "instances": [
        {
          "schema_version": 0,
          "attributes": {
            "base_forwarding_rule": "",
            "description": "",
            "effective_labels": {},
            "id": "projects/avid-grid-386321/global/forwardingRules/rule",
            "ip_address": "34.49.189.116",
            "ip_protocol": "TCP",
            "ip_version": "",
            "label_fingerprint": "42WmSpB8rSM=",
            "labels": {},
            "load_balancing_scheme": "EXTERNAL",
            "metadata_filters": [],
            "name": "rule",
            "network": "",
            "no_automate_dns_zone": null,
            "port_range": "443-443",
            "project": "avid-grid-386321",
            "psc_connection_id": "",
            "psc_connection_status": "",
            "self_link": "https://www.googleapis.com/compute/v1/projects/avid-grid-386321/global/forwardingRules/rule",
            "service_directory_registrations": [],
            "source_ip_ranges": [],
            "subnetwork": "",
            "target": "https://www.googleapis.com/compute/v1/projects/avid-grid-386321/global/targetHttpsProxies/target-proxy",
            "terraform_labels": {},
            "timeouts": null
          },
          "sensitive_attributes": [],
          "private": "eyJlMmJmYjczMC1lY2FhLTExZTYtOGY4OC0zNDM2M2JjN2M0YzAiOnsiY3JlYXRlIjoxMjAwMDAwMDAwMDAwLCJkZWxldGUiOjEyMDAwMDAwMDAwMDAsInVwZGF0ZSI6MTIwMDAwMDAwMDAwMH19",
          "dependencies": [
            "google_compute_backend_bucket.lb-backend",
            "google_compute_global_address.ip",
            "google_compute_managed_ssl_certificate.https-cert",
            "google_compute_target_https_proxy.target-proxy",
            "google_compute_url_map.url-map",
            "google_storage_bucket.terraformars_1958"
          ]
        }
      ]
    },
    {
      "mode": "managed",
      "type": "google_compute_managed_ssl_certificate",
      "name": "https-cert",
      "provider": "provider[\"registry.terraform.io/hashicorp/google\"]",
      "instances": [
        {
          "schema_version": 0,
          "attributes": {
            "certificate_id": 8218689961467056544,
            "creation_timestamp": "2024-10-02T13:38:40.051-07:00",
            "description": "",
            "expire_time": "",
            "id": "projects/avid-grid-386321/global/sslCertificates/resumechallence-ssl",
            "managed": [
              {
                "domains": [
                  "resume-challenge-sinclair.com"
                ]
              }
            ],
            "name": "resumechallence-ssl",
            "project": "avid-grid-386321",
            "self_link": "https://www.googleapis.com/compute/v1/projects/avid-grid-386321/global/sslCertificates/resumechallence-ssl",
            "subject_alternative_names": [],
            "timeouts": null,
            "type": "MANAGED"
          },
          "sensitive_attributes": [],
          "private": "eyJlMmJmYjczMC1lY2FhLTExZTYtOGY4OC0zNDM2M2JjN2M0YzAiOnsiY3JlYXRlIjoxODAwMDAwMDAwMDAwLCJkZWxldGUiOjE4MDAwMDAwMDAwMDB9fQ=="
        }
      ]
    },
    {
      "mode": "managed",
      "type": "google_compute_target_https_proxy",
      "name": "target-proxy",
      "provider": "provider[\"registry.terraform.io/hashicorp/google\"]",
      "instances": [
        {
          "schema_version": 0,
          "attributes": {
            "certificate_manager_certificates": [],
            "certificate_map": "",
            "creation_timestamp": "2024-10-02T13:38:53.358-07:00",
            "description": "",
            "http_keep_alive_timeout_sec": 0,
            "id": "projects/avid-grid-386321/global/targetHttpsProxies/target-proxy",
            "name": "target-proxy",
            "project": "avid-grid-386321",
            "proxy_bind": false,
            "proxy_id": 1088313671875039666,
            "quic_override": "NONE",
            "self_link": "https://www.googleapis.com/compute/v1/projects/avid-grid-386321/global/targetHttpsProxies/target-proxy",
            "server_tls_policy": "",
            "ssl_certificates": [
              "https://www.googleapis.com/compute/v1/projects/avid-grid-386321/global/sslCertificates/resumechallence-ssl"
            ],
            "ssl_policy": "",
            "timeouts": null,
            "url_map": "https://www.googleapis.com/compute/v1/projects/avid-grid-386321/global/urlMaps/url-map"
          },
          "sensitive_attributes": [],
          "private": "eyJlMmJmYjczMC1lY2FhLTExZTYtOGY4OC0zNDM2M2JjN2M0YzAiOnsiY3JlYXRlIjoxMjAwMDAwMDAwMDAwLCJkZWxldGUiOjEyMDAwMDAwMDAwMDAsInVwZGF0ZSI6MTIwMDAwMDAwMDAwMH19",
          "dependencies": [
            "google_compute_backend_bucket.lb-backend",
            "google_compute_managed_ssl_certificate.https-cert",
            "google_compute_url_map.url-map",
            "google_storage_bucket.terraformars_1958"
          ]
        }
      ]
    },
    {
      "mode": "managed",
      "type": "google_compute_url_map",
      "name": "url-map",
      "provider": "provider[\"registry.terraform.io/hashicorp/google\"]",
      "instances": [
        {
          "schema_version": 0,
          "attributes": {
            "creation_timestamp": "2024-10-02T13:38:41.918-07:00",
            "default_route_action": [],
            "default_service": "https://www.googleapis.com/compute/v1/projects/avid-grid-386321/global/backendBuckets/resumechallengebackend-bucket",
            "default_url_redirect": [],
            "description": "",
            "fingerprint": "stwyyinvAaQ=",
            "header_action": [],
            "host_rule": [],
            "id": "projects/avid-grid-386321/global/urlMaps/url-map",
            "map_id": 2124821664176804286,
            "name": "url-map",
            "path_matcher": [],
            "project": "avid-grid-386321",
            "self_link": "https://www.googleapis.com/compute/v1/projects/avid-grid-386321/global/urlMaps/url-map",
            "test": [],
            "timeouts": null
          },
          "sensitive_attributes": [],
          "private": "eyJlMmJmYjczMC1lY2FhLTExZTYtOGY4OC0zNDM2M2JjN2M0YzAiOnsiY3JlYXRlIjoxMjAwMDAwMDAwMDAwLCJkZWxldGUiOjEyMDAwMDAwMDAwMDAsInVwZGF0ZSI6MTIwMDAwMDAwMDAwMH19",
          "dependencies": [
            "google_compute_backend_bucket.lb-backend",
            "google_storage_bucket.terraformars_1958"
          ]
        }
      ]
    },
    {
      "mode": "managed",
      "type": "google_firestore_database",
      "name": "database",
      "provider": "provider[\"registry.terraform.io/hashicorp/google\"]",
      "instances": [
        {
          "schema_version": 0,
          "attributes": {
            "app_engine_integration_mode": "DISABLED",
            "concurrency_mode": "PESSIMISTIC",
            "create_time": "",
            "delete_protection_state": "DELETE_PROTECTION_DISABLED",
            "deletion_policy": "ABANDON",
            "earliest_version_time": "2024-10-02T20:48:37.807142Z",
            "etag": "IMee7//I8IgDMKaIwf/I8IgD",
            "id": "projects/avid-grid-386321/databases/(default)",
            "key_prefix": "",
            "location_id": "nam5",
            "name": "(default)",
            "point_in_time_recovery_enablement": "POINT_IN_TIME_RECOVERY_DISABLED",
            "project": "avid-grid-386321",
            "timeouts": null,
            "type": "FIRESTORE_NATIVE",
            "uid": "b2922bdf-31f4-4416-ad53-186641b3a1a5",
            "update_time": "",
            "version_retention_period": "3600s"
          },
          "sensitive_attributes": [],
          "private": "eyJlMmJmYjczMC1lY2FhLTExZTYtOGY4OC0zNDM2M2JjN2M0YzAiOnsiY3JlYXRlIjoxMjAwMDAwMDAwMDAwLCJkZWxldGUiOjEyMDAwMDAwMDAwMDAsInVwZGF0ZSI6MTIwMDAwMDAwMDAwMH19"
        }
      ]
    },
    {
      "mode": "managed",
      "type": "google_storage_bucket",
      "name": "terraformars_1958",
      "provider": "provider[\"registry.terraform.io/hashicorp/google\"]",
      "instances": [
        {
          "schema_version": 1,
          "attributes": {
            "autoclass": [],
            "cors": [],
            "custom_placement_config": [],
            "default_event_based_hold": false,
            "effective_labels": {},
            "enable_object_retention": false,
            "encryption": [],
            "force_destroy": true,
            "id": "project-dev-cloudresumechallenge2024",
            "labels": {},
            "lifecycle_rule": [],
            "location": "US-CENTRAL1",
            "logging": [],
            "name": "project-dev-cloudresumechallenge2024",
            "project": "avid-grid-386321",
            "public_access_prevention": "inherited",
            "requester_pays": false,
            "retention_policy": [],
            "rpo": null,
            "self_link": "https://www.googleapis.com/storage/v1/b/project-dev-cloudresumechallenge2024",
            "storage_class": "STANDARD",
            "terraform_labels": {},
            "timeouts": null,
            "uniform_bucket_level_access": true,
            "url": "gs://project-dev-cloudresumechallenge2024",
            "versioning": [],
            "website": []
          },
          "sensitive_attributes": [],
          "private": "eyJlMmJmYjczMC1lY2FhLTExZTYtOGY4OC0zNDM2M2JjN2M0YzAiOnsiY3JlYXRlIjo2MDAwMDAwMDAwMDAsInJlYWQiOjI0MDAwMDAwMDAwMCwidXBkYXRlIjoyNDAwMDAwMDAwMDB9LCJzY2hlbWFfdmVyc2lvbiI6IjEifQ=="
        }
      ]
    },
    {
      "mode": "managed",
      "type": "google_storage_bucket_iam_member",
      "name": "public_access",
      "provider": "provider[\"registry.terraform.io/hashicorp/google\"]",
      "instances": [
        {
          "schema_version": 0,
          "attributes": {
            "bucket": "b/project-dev-cloudresumechallenge2024",
            "condition": [],
            "etag": "CAI=",
            "id": "b/project-dev-cloudresumechallenge2024/roles/storage.objectViewer/allUsers",
            "member": "allUsers",
            "role": "roles/storage.objectViewer"
          },
          "sensitive_attributes": [],
          "private": "bnVsbA==",
          "dependencies": [
            "google_storage_bucket.terraformars_1958"
          ]
        }
      ]
    },
    {
      "mode": "managed",
      "type": "google_storage_bucket_object",
      "name": "cssUpload",
      "provider": "provider[\"registry.terraform.io/hashicorp/google\"]",
      "instances": [
        {
          "schema_version": 0,
          "attributes": {
            "bucket": "project-dev-cloudresumechallenge2024",
            "cache_control": "",
            "content": null,
            "content_disposition": "",
            "content_encoding": "",
            "content_language": "",
            "content_type": "text/plain; charset=utf-8",
            "crc32c": "XI5KAQ==",
            "customer_encryption": [],
            "detect_md5hash": "Eh68Llnl+1ebWxB/j/PIrQ==",
            "event_based_hold": false,
            "id": "project-dev-cloudresumechallenge2024-style.css",
            "kms_key_name": "",
            "md5hash": "Eh68Llnl+1ebWxB/j/PIrQ==",
            "media_link": "https://storage.googleapis.com/download/storage/v1/b/project-dev-cloudresumechallenge2024/o/style.css?generation=1727901510410647\u0026alt=media",
            "metadata": {},
            "name": "style.css",
            "output_name": "style.css",
            "retention": [],
            "self_link": "https://www.googleapis.com/storage/v1/b/project-dev-cloudresumechallenge2024/o/style.css",
            "source": "C:/Users/daswi/Documents/Certifications/Professional Data Engineer/Projects/Resume Challenge GCP/style.css",
            "storage_class": "STANDARD",
            "temporary_hold": false,
            "timeouts": null
          },
          "sensitive_attributes": [
            [
              {
                "type": "get_attr",
                "value": "content"
              }
            ]
          ],
          "private": "eyJlMmJmYjczMC1lY2FhLTExZTYtOGY4OC0zNDM2M2JjN2M0YzAiOnsiY3JlYXRlIjoyNDAwMDAwMDAwMDAsImRlbGV0ZSI6MjQwMDAwMDAwMDAwLCJ1cGRhdGUiOjI0MDAwMDAwMDAwMH19",
          "dependencies": [
            "google_storage_bucket.terraformars_1958"
          ]
        }
      ]
    },
    {
      "mode": "managed",
      "type": "google_storage_bucket_object",
      "name": "htmlUpload",
      "provider": "provider[\"registry.terraform.io/hashicorp/google\"]",
      "instances": [
        {
          "schema_version": 0,
          "attributes": {
            "bucket": "project-dev-cloudresumechallenge2024",
            "cache_control": "",
            "content": null,
            "content_disposition": "",
            "content_encoding": "",
            "content_language": "",
            "content_type": "text/html; charset=utf-8",
            "crc32c": "nNgL6Q==",
            "customer_encryption": [],
            "detect_md5hash": "0RVuu00c0LlQ09oJAUpCZg==",
            "event_based_hold": false,
            "id": "project-dev-cloudresumechallenge2024-Resume.html",
            "kms_key_name": "",
            "md5hash": "0RVuu00c0LlQ09oJAUpCZg==",
            "media_link": "https://storage.googleapis.com/download/storage/v1/b/project-dev-cloudresumechallenge2024/o/Resume.html?generation=1727901510410699\u0026alt=media",
            "metadata": {},
            "name": "Resume.html",
            "output_name": "Resume.html",
            "retention": [],
            "self_link": "https://www.googleapis.com/storage/v1/b/project-dev-cloudresumechallenge2024/o/Resume.html",
            "source": "C:/Users/daswi/Documents/Certifications/Professional Data Engineer/Projects/Resume Challenge GCP/Resume.html",
            "storage_class": "STANDARD",
            "temporary_hold": false,
            "timeouts": null
          },
          "sensitive_attributes": [
            [
              {
                "type": "get_attr",
                "value": "content"
              }
            ]
          ],
          "private": "eyJlMmJmYjczMC1lY2FhLTExZTYtOGY4OC0zNDM2M2JjN2M0YzAiOnsiY3JlYXRlIjoyNDAwMDAwMDAwMDAsImRlbGV0ZSI6MjQwMDAwMDAwMDAwLCJ1cGRhdGUiOjI0MDAwMDAwMDAwMH19",
          "dependencies": [
            "google_storage_bucket.terraformars_1958"
          ]
        }
      ]
    },
    {
      "mode": "managed",
      "type": "google_storage_bucket_object",
      "name": "jsUpload",
      "provider": "provider[\"registry.terraform.io/hashicorp/google\"]",
      "instances": [
        {
          "schema_version": 0,
          "attributes": {
            "bucket": "project-dev-cloudresumechallenge2024",
            "cache_control": "",
            "content": null,
            "content_disposition": "",
            "content_encoding": "",
            "content_language": "",
            "content_type": "text/plain; charset=utf-8",
            "crc32c": "GC7Tsw==",
            "customer_encryption": [],
            "detect_md5hash": "3WXm/Z9mClq8JIukuvXjlA==",
            "event_based_hold": false,
            "id": "project-dev-cloudresumechallenge2024-counter.js",
            "kms_key_name": "",
            "md5hash": "3WXm/Z9mClq8JIukuvXjlA==",
            "media_link": "https://storage.googleapis.com/download/storage/v1/b/project-dev-cloudresumechallenge2024/o/counter.js?generation=1727901510312222\u0026alt=media",
            "metadata": {},
            "name": "counter.js",
            "output_name": "counter.js",
            "retention": [],
            "self_link": "https://www.googleapis.com/storage/v1/b/project-dev-cloudresumechallenge2024/o/counter.js",
            "source": "C:/Users/daswi/Documents/Certifications/Professional Data Engineer/Projects/Resume Challenge GCP/counter.js",
            "storage_class": "STANDARD",
            "temporary_hold": false,
            "timeouts": null
          },
          "sensitive_attributes": [
            [
              {
                "type": "get_attr",
                "value": "content"
              }
            ]
          ],
          "private": "eyJlMmJmYjczMC1lY2FhLTExZTYtOGY4OC0zNDM2M2JjN2M0YzAiOnsiY3JlYXRlIjoyNDAwMDAwMDAwMDAsImRlbGV0ZSI6MjQwMDAwMDAwMDAwLCJ1cGRhdGUiOjI0MDAwMDAwMDAwMH19",
          "dependencies": [
            "google_storage_bucket.terraformars_1958"
          ]
        }
      ]
    },
    {
      "mode": "managed",
      "type": "google_storage_bucket_object",
      "name": "object",
      "provider": "provider[\"registry.terraform.io/hashicorp/google\"]",
      "instances": [
        {
          "schema_version": 0,
          "attributes": {
            "bucket": "project-dev-cloudresumechallenge2024",
            "cache_control": "",
            "content": null,
            "content_disposition": "",
            "content_encoding": "",
            "content_language": "",
            "content_type": "application/zip",
            "crc32c": "7CiyNQ==",
            "customer_encryption": [],
            "detect_md5hash": "jgtYSpek3+YtEbZfwLnf6g==",
            "event_based_hold": false,
            "id": "project-dev-cloudresumechallenge2024-cloud-function-code.zip",
            "kms_key_name": "",
            "md5hash": "jgtYSpek3+YtEbZfwLnf6g==",
            "media_link": "https://storage.googleapis.com/download/storage/v1/b/project-dev-cloudresumechallenge2024/o/cloud-function-code.zip?generation=1727901510409899\u0026alt=media",
            "metadata": {},
            "name": "cloud-function-code.zip",
            "output_name": "cloud-function-code.zip",
            "retention": [],
            "self_link": "https://www.googleapis.com/storage/v1/b/project-dev-cloudresumechallenge2024/o/cloud-function-code.zip",
            "source": "/tmp/cloud-function-code.zip",
            "storage_class": "STANDARD",
            "temporary_hold": false,
            "timeouts": null
          },
          "sensitive_attributes": [
            [
              {
                "type": "get_attr",
                "value": "content"
              }
            ]
          ],
          "private": "eyJlMmJmYjczMC1lY2FhLTExZTYtOGY4OC0zNDM2M2JjN2M0YzAiOnsiY3JlYXRlIjoyNDAwMDAwMDAwMDAsImRlbGV0ZSI6MjQwMDAwMDAwMDAwLCJ1cGRhdGUiOjI0MDAwMDAwMDAwMH19",
          "dependencies": [
            "data.archive_file.default",
            "google_storage_bucket.terraformars_1958"
          ]
        }
      ]
    }
  ],
  "check_results": null
}
